# This file is automatically @generated by Cargo.
# It is not intended for manual editing.
version = 3

[[package]]
name = "get-memory"
version = "0.1.0"
dependencies = [
 "mudshark-core",
]

[[package]]
name = "get-volume"
version = "0.1.0"
dependencies = [
 "mudshark-core",
]

[[package]]
name = "mudshark-core"
version = "0.1.0"
